Microsoft Visual Studio Solution File, Format Version 12.00
# Visual Studio Version 17
VisualStudioVersion = 17.5.2.0
MinimumVisualStudioVersion = 10.0.40219.1
Project("{2150E333-8FDC-42A3-9474-1A3956D46DE8}") = "src", "src", "{827E0CD3-B72D-47B6-A68D-7590B98EB39B}"
EndProject
Project("{FAE04EC0-301F-11D3-BF4B-00C04F79EFBC}") = "ERP.API", "src\ERP.API\ERP.API.csproj", "{9F5439AC-69DA-A678-4D63-D75026284502}"
EndProject
Project("{FAE04EC0-301F-11D3-BF4B-00C04F79EFBC}") = "ERP.Application", "src\ERP.Application\ERP.Application.csproj", "{97135F28-F097-1802-14F7-0EF4C62376B1}"
EndProject
Project("{FAE04EC0-301F-11D3-BF4B-00C04F79EFBC}") = "ERP.Domain", "src\ERP.Domain\ERP.Domain.csproj", "{27E9B618-DB8B-5029-04FD-F718F2C32252}"
EndProject
Project("{FAE04EC0-301F-11D3-BF4B-00C04F79EFBC}") = "ERP.Infrastructure", "src\ERP.Infrastructure\ERP.Infrastructure.csproj", "{4A820585-2699-E3E5-86C5-2498B2DFFCE0}"
EndProject
Global
	GlobalSection(SolutionConfigurationPlatforms) = preSolution
		Debug|Any CPU = Debug|Any CPU
		Release|Any CPU = Release|Any CPU
	EndGlobalSection
	GlobalSection(ProjectConfigurationPlatforms) = postSolution
		{9F5439AC-69DA-A678-4D63-D75026284502}.Debug|Any CPU.ActiveCfg = Debug|Any CPU
		{9F5439AC-69DA-A678-4D63-D75026284502}.Debug|Any CPU.Build.0 = Debug|Any CPU
		{9F5439AC-69DA-A678-4D63-D75026284502}.Release|Any CPU.ActiveCfg = Release|Any CPU
		{9F5439AC-69DA-A678-4D63-D75026284502}.Release|Any CPU.Build.0 = Release|Any CPU
		{97135F28-F097-1802-14F7-0EF4C62376B1}.Debug|Any CPU.ActiveCfg = Debug|Any CPU
		{97135F28-F097-1802-14F7-0EF4C62376B1}.Debug|Any CPU.Build.0 = Debug|Any CPU
		{97135F28-F097-1802-14F7-0EF4C62376B1}.Release|Any CPU.ActiveCfg = Release|Any CPU
		{97135F28-F097-1802-14F7-0EF4C62376B1}.Release|Any CPU.Build.0 = Release|Any CPU
		{27E9B618-DB8B-5029-04FD-F718F2C32252}.Debug|Any CPU.ActiveCfg = Debug|Any CPU
		{27E9B618-DB8B-5029-04FD-F718F2C32252}.Debug|Any CPU.Build.0 = Debug|Any CPU
		{27E9B618-DB8B-5029-04FD-F718F2C32252}.Release|Any CPU.ActiveCfg = Release|Any CPU
		{27E9B618-DB8B-5029-04FD-F718F2C32252}.Release|Any CPU.Build.0 = Release|Any CPU
		{4A820585-2699-E3E5-86C5-2498B2DFFCE0}.Debug|Any CPU.ActiveCfg = Debug|Any CPU
		{4A820585-2699-E3E5-86C5-2498B2DFFCE0}.Debug|Any CPU.Build.0 = Debug|Any CPU
		{4A820585-2699-E3E5-86C5-2498B2DFFCE0}.Release|Any CPU.ActiveCfg = Release|Any CPU
		{4A820585-2699-E3E5-86C5-2498B2DFFCE0}.Release|Any CPU.Build.0 = Release|Any CPU
	EndGlobalSection
	GlobalSection(SolutionProperties) = preSolution
		HideSolutionNode = FALSE
	EndGlobalSection
	GlobalSection(NestedProjects) = preSolution
		{9F5439AC-69DA-A678-4D63-D75026284502} = {827E0CD3-B72D-47B6-A68D-7590B98EB39B}
		{97135F28-F097-1802-14F7-0EF4C62376B1} = {827E0CD3-B72D-47B6-A68D-7590B98EB39B}
		{27E9B618-DB8B-5029-04FD-F718F2C32252} = {827E0CD3-B72D-47B6-A68D-7590B98EB39B}
		{4A820585-2699-E3E5-86C5-2498B2DFFCE0} = {827E0CD3-B72D-47B6-A68D-7590B98EB39B}
	EndGlobalSection
	GlobalSection(ExtensibilityGlobals) = postSolution
		SolutionGuid = {7139B199-BDDF-4E39-838D-ECCE418E4335}
	EndGlobalSection
EndGlobal
